
Microsoft Visual Studio Solution File, Format Version 12.00
# Visual Studio Version 17
VisualStudioVersion = 17.0.32014.148
MinimumVisualStudioVersion = 10.0.40219.1
Project("{9A19103F-16F7-4668-BE54-9A1E7A4F7556}") = "WebClient", "WebClient\WebClient.csproj", "{F07C8047-392C-4D29-9011-CAF67CBC88B8}"
EndProject
Project("{9A19103F-16F7-4668-BE54-9A1E7A4F7556}") = "Domain", "Domain\Domain.csproj", "{D67B94E7-D44E-4BE5-9A3D-21DA9176EA99}"
EndProject
Project("{9A19103F-16F7-4668-BE54-9A1E7A4F7556}") = "UseCase", "UseCase\UseCase.csproj", "{ED35D536-A32B-4D9A-94DD-FB584B9B2FA9}"
EndProject
Project("{9A19103F-16F7-4668-BE54-9A1E7A4F7556}") = "Infrastructure", "Infrastructure\Infrastructure.csproj", "{F248C7AD-A9AD-42A1-B998-78B52EB0322B}"
EndProject
Project("{9A19103F-16F7-4668-BE54-9A1E7A4F7556}") = "Test", "Test\Test.csproj", "{B86788C0-2A3B-4356-B58D-4A2E7BEC83BB}"
EndProject
Global
	GlobalSection(SolutionConfigurationPlatforms) = preSolution
		Debug|Any CPU = Debug|Any CPU
		Release|Any CPU = Release|Any CPU
	EndGlobalSection
	GlobalSection(ProjectConfigurationPlatforms) = postSolution
		{F07C8047-392C-4D29-9011-CAF67CBC88B8}.Debug|Any CPU.ActiveCfg = Debug|Any CPU
		{F07C8047-392C-4D29-9011-CAF67CBC88B8}.Debug|Any CPU.Build.0 = Debug|Any CPU
		{F07C8047-392C-4D29-9011-CAF67CBC88B8}.Release|Any CPU.ActiveCfg = Release|Any CPU
		{F07C8047-392C-4D29-9011-CAF67CBC88B8}.Release|Any CPU.Build.0 = Release|Any CPU
		{D67B94E7-D44E-4BE5-9A3D-21DA9176EA99}.Debug|Any CPU.ActiveCfg = Debug|Any CPU
		{D67B94E7-D44E-4BE5-9A3D-21DA9176EA99}.Debug|Any CPU.Build.0 = Debug|Any CPU
		{D67B94E7-D44E-4BE5-9A3D-21DA9176EA99}.Release|Any CPU.ActiveCfg = Release|Any CPU
		{D67B94E7-D44E-4BE5-9A3D-21DA9176EA99}.Release|Any CPU.Build.0 = Release|Any CPU
		{ED35D536-A32B-4D9A-94DD-FB584B9B2FA9}.Debug|Any CPU.ActiveCfg = Debug|Any CPU
		{ED35D536-A32B-4D9A-94DD-FB584B9B2FA9}.Debug|Any CPU.Build.0 = Debug|Any CPU
		{ED35D536-A32B-4D9A-94DD-FB584B9B2FA9}.Release|Any CPU.ActiveCfg = Release|Any CPU
		{ED35D536-A32B-4D9A-94DD-FB584B9B2FA9}.Release|Any CPU.Build.0 = Release|Any CPU
		{F248C7AD-A9AD-42A1-B998-78B52EB0322B}.Debug|Any CPU.ActiveCfg = Debug|Any CPU
		{F248C7AD-A9AD-42A1-B998-78B52EB0322B}.Debug|Any CPU.Build.0 = Debug|Any CPU
		{F248C7AD-A9AD-42A1-B998-78B52EB0322B}.Release|Any CPU.ActiveCfg = Release|Any CPU
		{F248C7AD-A9AD-42A1-B998-78B52EB0322B}.Release|Any CPU.Build.0 = Release|Any CPU
		{B86788C0-2A3B-4356-B58D-4A2E7BEC83BB}.Debug|Any CPU.ActiveCfg = Debug|Any CPU
		{B86788C0-2A3B-4356-B58D-4A2E7BEC83BB}.Debug|Any CPU.Build.0 = Debug|Any CPU
		{B86788C0-2A3B-4356-B58D-4A2E7BEC83BB}.Release|Any CPU.ActiveCfg = Release|Any CPU
		{B86788C0-2A3B-4356-B58D-4A2E7BEC83BB}.Release|Any CPU.Build.0 = Release|Any CPU
	EndGlobalSection
	GlobalSection(SolutionProperties) = preSolution
		HideSolutionNode = FALSE
	EndGlobalSection
	GlobalSection(ExtensibilityGlobals) = postSolution
		SolutionGuid = {CD4CDB30-7A1C-4788-ADC9-D2398C5EB9E5}
	EndGlobalSection
EndGlobal
